
Microsoft Visual Studio Solution File, Format Version 12.00
# Visual Studio Version 16
VisualStudioVersion = 16.0.30503.244
MinimumVisualStudioVersion = 10.0.40219.1
Project("{9A19103F-16F7-4668-BE54-9A1E7A4F7556}") = "MicroTel_Bot", "MicroTel_Bot\MicroTel_Bot.csproj", "{AB174207-FE8E-4BA1-AE03-53F2BF463B56}"
EndProject
Global
	GlobalSection(SolutionConfigurationPlatforms) = preSolution
		Debug|Any CPU = Debug|Any CPU
		Release|Any CPU = Release|Any CPU
	EndGlobalSection
	GlobalSection(ProjectConfigurationPlatforms) = postSolution
		{AB174207-FE8E-4BA1-AE03-53F2BF463B56}.Debug|Any CPU.ActiveCfg = Debug|Any CPU
		{AB174207-FE8E-4BA1-AE03-53F2BF463B56}.Debug|Any CPU.Build.0 = Debug|Any CPU
		{AB174207-FE8E-4BA1-AE03-53F2BF463B56}.Release|Any CPU.ActiveCfg = Release|Any CPU
		{AB174207-FE8E-4BA1-AE03-53F2BF463B56}.Release|Any CPU.Build.0 = Release|Any CPU
	EndGlobalSection
	GlobalSection(SolutionProperties) = preSolution
		HideSolutionNode = FALSE
	EndGlobalSection
	GlobalSection(ExtensibilityGlobals) = postSolution
		SolutionGuid = {38CBBB04-7838-4EBC-B15A-10E4B0654A36}
	EndGlobalSection
EndGlobal
