
Microsoft Visual Studio Solution File, Format Version 12.00
# Visual Studio Version 16
VisualStudioVersion = 16.0.30503.244
MinimumVisualStudioVersion = 10.0.40219.1
Project("{9A19103F-16F7-4668-BE54-9A1E7A4F7556}") = "MicroTel_Bot", "MicroTel_Bot\MicroTel_Bot.csproj", "{DD188C53-68F3-4E79-8FFF-3527FCE3FD8A}"
EndProject
Global
	GlobalSection(SolutionConfigurationPlatforms) = preSolution
		Debug|Any CPU = Debug|Any CPU
		Release|Any CPU = Release|Any CPU
	EndGlobalSection
	GlobalSection(ProjectConfigurationPlatforms) = postSolution
		{DD188C53-68F3-4E79-8FFF-3527FCE3FD8A}.Debug|Any CPU.ActiveCfg = Debug|Any CPU
		{DD188C53-68F3-4E79-8FFF-3527FCE3FD8A}.Debug|Any CPU.Build.0 = Debug|Any CPU
		{DD188C53-68F3-4E79-8FFF-3527FCE3FD8A}.Release|Any CPU.ActiveCfg = Release|Any CPU
		{DD188C53-68F3-4E79-8FFF-3527FCE3FD8A}.Release|Any CPU.Build.0 = Release|Any CPU
	EndGlobalSection
	GlobalSection(SolutionProperties) = preSolution
		HideSolutionNode = FALSE
	EndGlobalSection
	GlobalSection(ExtensibilityGlobals) = postSolution
		SolutionGuid = {1D14C631-0498-41B2-8D3E-D14B9685F1BC}
	EndGlobalSection
EndGlobal
